<Project Sdk="Microsoft.NET.Sdk">

  <PropertyGroup>
    <Configuration Condition=" '$(Configuration)' == '' ">Debug</Configuration>
    <Platform Condition=" '$(Platform)' == '' ">x64</Platform>
    <ProjectGuid>{A5E12345-ABCD-6789-EF01-234567890ABC}</ProjectGuid>
    <OutputType>WinExe</OutputType>
    <RootNamespace>MuhanPerfOpt</RootNamespace>
    <AssemblyName>MuhanPerfOpt</AssemblyName>
    <UseWinUI>true</UseWinUI>
    <Nullable>enable</Nullable>
    <ImplicitUsings>enable</ImplicitUsings>
    <IsPackable>false</IsPackable>
  </PropertyGroup>

  <PropertyGroup Condition=" '$(Configuration)|$(Platform)' == 'Debug|x64' ">
    <DebuggerFlavor>WindowsLocalDebugger</DebuggerFlavor>
  </PropertyGroup>
</Project>
